// !$*UTF8*$!
{
	archiveVersion = 1;
	classes = {
	};
	objectVersion = 46;
	objects = {

/* Begin PBXBuildFile section */
		897E09AC1F29C1F400721246 /* main.cpp in Sources */ = {isa = PBXBuildFile; fileRef = 897E09AB1F29C1F400721246 /* main.cpp */; };
		897E09B31F29C21700721246 /* JCTimer.cpp in Sources */ = {isa = PBXBuildFile; fileRef = 897E09AE1F29C21700721246 /* JCTimer.cpp */; };
		897E09B41F29C21700721246 /* JCHeapTimer.cpp in Sources */ = {isa = PBXBuildFile; fileRef = 897E09B01F29C21700721246 /* JCHeapTimer.cpp */; };
		897E09B51F29C21700721246 /* JCCascadeTimer.cpp in Sources */ = {isa = PBXBuildFile; fileRef = 897E09B21F29C21700721246 /* JCCascadeTimer.cpp */; };
/* End PBXBuildFile section */

/* Begin PBXCopyFilesBuildPhase section */
		897E099F1F29C1E600721246 /* CopyFiles */ = {
			isa = PBXCopyFilesBuildPhase;
			buildActionMask = 2147483647;
			dstPath = /usr/share/man/man1/;
			dstSubfolderSpec = 0;
			files = (
			);
			runOnlyForDeploymentPostprocessing = 1;
		};
/* End PBXCopyFilesBuildPhase section */

/* Begin PBXFileReference section */
		897E09A11F29C1E600721246 /* cpptimer */ = {isa = PBXFileReference; explicitFileType = "compiled.mach-o.executable"; includeInIndex = 0; path = cpptimer; sourceTree = BUILT_PRODUCTS_DIR; };
		897E09AB1F29C1F400721246 /* main.cpp */ = {isa = PBXFileReference; fileEncoding = 4; lastKnownFileType = sourcecode.cpp.cpp; path = main.cpp; sourceTree = "<group>"; };
		897E09AD1F29C21700721246 /* JCTimer.hpp */ = {isa = PBXFileReference; fileEncoding = 4; lastKnownFileType = sourcecode.cpp.h; path = JCTimer.hpp; sourceTree = "<group>"; };
		897E09AE1F29C21700721246 /* JCTimer.cpp */ = {isa = PBXFileReference; fileEncoding = 4; lastKnownFileType = sourcecode.cpp.cpp; path = JCTimer.cpp; sourceTree = "<group>"; };
		897E09AF1F29C21700721246 /* JCHeapTimer.hpp */ = {isa = PBXFileReference; fileEncoding = 4; lastKnownFileType = sourcecode.cpp.h; path = JCHeapTimer.hpp; sourceTree = "<group>"; };
		897E09B01F29C21700721246 /* JCHeapTimer.cpp */ = {isa = PBXFileReference; fileEncoding = 4; lastKnownFileType = sourcecode.cpp.cpp; path = JCHeapTimer.cpp; sourceTree = "<group>"; };
		897E09B11F29C21700721246 /* JCCascadeTimer.hpp */ = {isa = PBXFileReference; fileEncoding = 4; lastKnownFileType = sourcecode.cpp.h; path = JCCascadeTimer.hpp; sourceTree = "<group>"; };
		897E09B21F29C21700721246 /* JCCascadeTimer.cpp */ = {isa = PBXFileReference; fileEncoding = 4; lastKnownFileType = sourcecode.cpp.cpp; path = JCCascadeTimer.cpp; sourceTree = "<group>"; };
/* End PBXFileReference section */

/* Begin PBXFrameworksBuildPhase section */
		897E099E1F29C1E600721246 /* Frameworks */ = {
			isa = PBXFrameworksBuildPhase;
			buildActionMask = 2147483647;
			files = (
			);
			runOnlyForDeploymentPostprocessing = 0;
		};
/* End PBXFrameworksBuildPhase section */

/* Begin PBXGroup section */
		897E09981F29C1E600721246 = {
			isa = PBXGroup;
			children = (
				897E09AB1F29C1F400721246 /* main.cpp */,
				897E09A31F29C1E600721246 /* cpptimer */,
				897E09A21F29C1E600721246 /* Products */,
			);
			sourceTree = "<group>";
		};
		897E09A21F29C1E600721246 /* Products */ = {
			isa = PBXGroup;
			children = (
				897E09A11F29C1E600721246 /* cpptimer */,
			);
			name = Products;
			sourceTree = "<group>";
		};
		897E09A31F29C1E600721246 /* cpptimer */ = {
			isa = PBXGroup;
			children = (
				897E09AD1F29C21700721246 /* JCTimer.hpp */,
				897E09AE1F29C21700721246 /* JCTimer.cpp */,
				897E09AF1F29C21700721246 /* JCHeapTimer.hpp */,
				897E09B01F29C21700721246 /* JCHeapTimer.cpp */,
				897E09B11F29C21700721246 /* JCCascadeTimer.hpp */,
				897E09B21F29C21700721246 /* JCCascadeTimer.cpp */,
			);
			path = cpptimer;
			sourceTree = "<group>";
		};
/* End PBXGroup section */

/* Begin PBXNativeTarget section */
		897E09A01F29C1E600721246 /* cpptimer */ = {
			isa = PBXNativeTarget;
			buildConfigurationList = 897E09A81F29C1E600721246 /* Build configuration list for PBXNativeTarget "cpptimer" */;
			buildPhases = (
				897E099D1F29C1E600721246 /* Sources */,
				897E099E1F29C1E600721246 /* Frameworks */,
				897E099F1F29C1E600721246 /* CopyFiles */,
			);
			buildRules = (
			);
			dependencies = (
			);
			name = cpptimer;
			productName = cpptimer;
			productReference = 897E09A11F29C1E600721246 /* cpptimer */;
			productType = "com.apple.product-type.tool";
		};
/* End PBXNativeTarget section */

/* Begin PBXProject section */
		897E09991F29C1E600721246 /* Project object */ = {
			isa = PBXProject;
			attributes = {
				LastUpgradeCheck = 0830;
				ORGANIZATIONNAME = dawenhing;
				TargetAttributes = {
					897E09A01F29C1E600721246 = {
						CreatedOnToolsVersion = 8.3.3;
						ProvisioningStyle = Automatic;
					};
				};
			};
			buildConfigurationList = 897E099C1F29C1E600721246 /* Build configuration list for PBXProject "cpptimer" */;
			compatibilityVersion = "Xcode 3.2";
			developmentRegion = English;
			hasScannedForEncodings = 0;
			knownRegions = (
				en,
			);
			mainGroup = 897E09981F29C1E600721246;
			productRefGroup = 897E09A21F29C1E600721246 /* Products */;
			projectDirPath = "";
			projectRoot = "";
			targets = (
				897E09A01F29C1E600721246 /* cpptimer */,
			);
		};
/* End PBXProject section */

/* Begin PBXSourcesBuildPhase section */
		897E099D1F29C1E600721246 /* Sources */ = {
			isa = PBXSourcesBuildPhase;
			buildActionMask = 2147483647;
			files = (
				897E09B41F29C21700721246 /* JCHeapTimer.cpp in Sources */,
				897E09B51F29C21700721246 /* JCCascadeTimer.cpp in Sources */,
				897E09B31F29C21700721246 /* JCTimer.cpp in Sources */,
				897E09AC1F29C1F400721246 /* main.cpp in Sources */,
			);
			runOnlyForDeploymentPostprocessing = 0;
		};
/* End PBXSourcesBuildPhase section */

/* Begin XCBuildConfiguration section */
		897E09A61F29C1E600721246 /* Debug */ = {
			isa = XCBuildConfiguration;
			buildSettings = {
				ALWAYS_SEARCH_USER_PATHS = NO;
				CLANG_ANALYZER_NONNULL = YES;
				CLANG_ANALYZER_NUMBER_OBJECT_CONVERSION = YES_AGGRESSIVE;
				CLANG_CXX_LANGUAGE_STANDARD = "gnu++0x";
				CLANG_CXX_LIBRARY = "libc++";
				CLANG_ENABLE_MODULES = YES;
				CLANG_ENABLE_OBJC_ARC = YES;
				CLANG_WARN_BOOL_CONVERSION = YES;
				CLANG_WARN_CONSTANT_CONVERSION = YES;
				CLANG_WARN_DIRECT_OBJC_ISA_USAGE = YES_ERROR;
				CLANG_WARN_DOCUMENTATION_COMMENTS = YES;
				CLANG_WARN_EMPTY_BODY = YES;
				CLANG_WARN_ENUM_CONVERSION = YES;
				CLANG_WARN_INFINITE_RECURSION = YES;
				CLANG_WARN_INT_CONVERSION = YES;
				CLANG_WARN_OBJC_ROOT_CLASS = YES_ERROR;
				CLANG_WARN_SUSPICIOUS_MOVE = YES;
				CLANG_WARN_UNREACHABLE_CODE = YES;
				CLANG_WARN__DUPLICATE_METHOD_MATCH = YES;
				CODE_SIGN_IDENTITY = "-";
				COPY_PHASE_STRIP = NO;
				DEBUG_INFORMATION_FORMAT = dwarf;
				ENABLE_STRICT_OBJC_MSGSEND = YES;
				ENABLE_TESTABILITY = YES;
				GCC_C_LANGUAGE_STANDARD = gnu99;
				GCC_DYNAMIC_NO_PIC = NO;
				GCC_NO_COMMON_BLOCKS = YES;
				GCC_OPTIMIZATION_LEVEL = 0;
				GCC_PREPROCESSOR_DEFINITIONS = (
					"DEBUG=1",
					"$(inherited)",
				);
				GCC_WARN_64_TO_32_BIT_CONVERSION = YES;
				GCC_WARN_ABOUT_RETURN_TYPE = YES_ERROR;
				GCC_WARN_UNDECLARED_SELECTOR = YES;
				GCC_WARN_UNINITIALIZED_AUTOS = YES_AGGRESSIVE;
				GCC_WARN_UNUSED_FUNCTION = YES;
				GCC_WARN_UNUSED_VARIABLE = YES;
				MACOSX_DEPLOYMENT_TARGET = 10.12;
				MTL_ENABLE_DEBUG_INFO = YES;
				ONLY_ACTIVE_ARCH = YES;
				SDKROOT = macosx;
			};
			name = Debug;
		};
		897E09A71F29C1E600721246 /* Release */ = {
			isa = XCBuildConfiguration;
			buildSettings = {
				ALWAYS_SEARCH_USER_PATHS = NO;
				CLANG_ANALYZER_NONNULL = YES;
				CLANG_ANALYZER_NUMBER_OBJECT_CONVERSION = YES_AGGRESSIVE;
				CLANG_CXX_LANGUAGE_STANDARD = "gnu++0x";
				CLANG_CXX_LIBRARY = "libc++";
				CLANG_ENABLE_MODULES = YES;
				CLANG_ENABLE_OBJC_ARC = YES;
				CLANG_WARN_BOOL_CONVERSION = YES;
				CLANG_WARN_CONSTANT_CONVERSION = YES;
				CLANG_WARN_DIRECT_OBJC_ISA_USAGE = YES_ERROR;
				CLANG_WARN_DOCUMENTATION_COMMENTS = YES;
				CLANG_WARN_EMPTY_BODY = YES;
				CLANG_WARN_ENUM_CONVERSION = YES;
				CLANG_WARN_INFINITE_RECURSION = YES;
				CLANG_WARN_INT_CONVERSION = YES;
				CLANG_WARN_OBJC_ROOT_CLASS = YES_ERROR;
				CLANG_WARN_SUSPICIOUS_MOVE = YES;
				CLANG_WARN_UNREACHABLE_CODE = YES;
				CLANG_WARN__DUPLICATE_METHOD_MATCH = YES;
				CODE_SIGN_IDENTITY = "-";
				COPY_PHASE_STRIP = NO;
				DEBUG_INFORMATION_FORMAT = "dwarf-with-dsym";
				ENABLE_NS_ASSERTIONS = NO;
				ENABLE_STRICT_OBJC_MSGSEND = YES;
				GCC_C_LANGUAGE_STANDARD = gnu99;
				GCC_NO_COMMON_BLOCKS = YES;
				GCC_WARN_64_TO_32_BIT_CONVERSION = YES;
				GCC_WARN_ABOUT_RETURN_TYPE = YES_ERROR;
				GCC_WARN_UNDECLARED_SELECTOR = YES;
				GCC_WARN_UNINITIALIZED_AUTOS = YES_AGGRESSIVE;
				GCC_WARN_UNUSED_FUNCTION = YES;
				GCC_WARN_UNUSED_VARIABLE = YES;
				MACOSX_DEPLOYMENT_TARGET = 10.12;
				MTL_ENABLE_DEBUG_INFO = NO;
				SDKROOT = macosx;
			};
			name = Release;
		};
		897E09A91F29C1E600721246 /* Debug */ = {
			isa = XCBuildConfiguration;
			buildSettings = {
				PRODUCT_NAME = "$(TARGET_NAME)";
			};
			name = Debug;
		};
		897E09AA1F29C1E600721246 /* Release */ = {
			isa = XCBuildConfiguration;
			buildSettings = {
				PRODUCT_NAME = "$(TARGET_NAME)";
			};
			name = Release;
		};
/* End XCBuildConfiguration section */

/* Begin XCConfigurationList section */
		897E099C1F29C1E600721246 /* Build configuration list for PBXProject "cpptimer" */ = {
			isa = XCConfigurationList;
			buildConfigurations = (
				897E09A61F29C1E600721246 /* Debug */,
				897E09A71F29C1E600721246 /* Release */,
			);
			defaultConfigurationIsVisible = 0;
			defaultConfigurationName = Release;
		};
		897E09A81F29C1E600721246 /* Build configuration list for PBXNativeTarget "cpptimer" */ = {
			isa = XCConfigurationList;
			buildConfigurations = (
				897E09A91F29C1E600721246 /* Debug */,
				897E09AA1F29C1E600721246 /* Release */,
			);
			defaultConfigurationIsVisible = 0;
		};
/* End XCConfigurationList section */
	};
	rootObject = 897E09991F29C1E600721246 /* Project object */;
}
